// !$*UTF8*$!
{
	archiveVersion = 1;
	classes = {
	};
	objectVersion = 50;
	objects = {

/* Begin PBXBuildFile section */
		FAB3CD892623E31900C37AAD /* SearchVC.swift in Sources */ = {isa = PBXBuildFile; fileRef = FAB3CD882623E31900C37AAD /* SearchVC.swift */; };
		FAB3CD8C2623E34300C37AAD /* FavoritesListVC.swift in Sources */ = {isa = PBXBuildFile; fileRef = FAB3CD8B2623E34300C37AAD /* FavoritesListVC.swift */; };
		FAB3CD8F2623F6D400C37AAD /* GFButton.swift in Sources */ = {isa = PBXBuildFile; fileRef = FAB3CD8E2623F6D400C37AAD /* GFButton.swift */; };
		FAB3CD922623FCB900C37AAD /* GFTextField.swift in Sources */ = {isa = PBXBuildFile; fileRef = FAB3CD912623FCB900C37AAD /* GFTextField.swift */; };
		FAB3CD962624139F00C37AAD /* FollowerListVC.swift in Sources */ = {isa = PBXBuildFile; fileRef = FAB3CD952624139F00C37AAD /* FollowerListVC.swift */; };
		FAB3CD992624198E00C37AAD /* GFTitleLabel.swift in Sources */ = {isa = PBXBuildFile; fileRef = FAB3CD982624198E00C37AAD /* GFTitleLabel.swift */; };
		FAB3CD9C26250A3700C37AAD /* GFBodyLabel.swift in Sources */ = {isa = PBXBuildFile; fileRef = FAB3CD9B26250A3700C37AAD /* GFBodyLabel.swift */; };
		FAB3CD9F26250B3E00C37AAD /* GFAlertVC.swift in Sources */ = {isa = PBXBuildFile; fileRef = FAB3CD9E26250B3E00C37AAD /* GFAlertVC.swift */; };
		FAB3CDA2262517EF00C37AAD /* UIViewController+Ext.swift in Sources */ = {isa = PBXBuildFile; fileRef = FAB3CDA1262517EF00C37AAD /* UIViewController+Ext.swift */; };
		FAB3CDAA262524F300C37AAD /* Follower.swift in Sources */ = {isa = PBXBuildFile; fileRef = FAB3CDA9262524F300C37AAD /* Follower.swift */; };
		FAB3CDAD2625258B00C37AAD /* User.swift in Sources */ = {isa = PBXBuildFile; fileRef = FAB3CDAC2625258B00C37AAD /* User.swift */; };
		FAB3CDB226252B4D00C37AAD /* NetworkManager.swift in Sources */ = {isa = PBXBuildFile; fileRef = FAB3CDB126252B4D00C37AAD /* NetworkManager.swift */; };
		FAB3CDBC26254BB000C37AAD /* FollowerCell.swift in Sources */ = {isa = PBXBuildFile; fileRef = FAB3CDBB26254BB000C37AAD /* FollowerCell.swift */; };
		FAB3CDC026254C2000C37AAD /* GFAvatarImageView.swift in Sources */ = {isa = PBXBuildFile; fileRef = FAB3CDBF26254C2000C37AAD /* GFAvatarImageView.swift */; };
		FAB3CDC42625B1D200C37AAD /* UIHelper.swift in Sources */ = {isa = PBXBuildFile; fileRef = FAB3CDC32625B1D200C37AAD /* UIHelper.swift */; };
		FAB3CDCE2626907E00C37AAD /* GFEmptyStateView.swift in Sources */ = {isa = PBXBuildFile; fileRef = FAB3CDCD2626907E00C37AAD /* GFEmptyStateView.swift */; };
		FAB3CDD22626A9B500C37AAD /* UserInfoVC.swift in Sources */ = {isa = PBXBuildFile; fileRef = FAB3CDD12626A9B500C37AAD /* UserInfoVC.swift */; };
		FAB3CDD62627C18600C37AAD /* GFError.swift in Sources */ = {isa = PBXBuildFile; fileRef = FAB3CDD52627C18600C37AAD /* GFError.swift */; };
		FAB3CDDD2627C57200C37AAD /* GFUserInfoHeaderVC.swift in Sources */ = {isa = PBXBuildFile; fileRef = FAB3CDDC2627C57200C37AAD /* GFUserInfoHeaderVC.swift */; };
		FAB3CDE02627C61B00C37AAD /* GFSecondaryTitleLabel.swift in Sources */ = {isa = PBXBuildFile; fileRef = FAB3CDDF2627C61B00C37AAD /* GFSecondaryTitleLabel.swift */; };
		FAB3CDE32627D0AE00C37AAD /* Constants.swift in Sources */ = {isa = PBXBuildFile; fileRef = FAB3CDE22627D0AE00C37AAD /* Constants.swift */; };
		FABEC8CB2623C64E00567D4D /* AppDelegate.swift in Sources */ = {isa = PBXBuildFile; fileRef = FABEC8CA2623C64E00567D4D /* AppDelegate.swift */; };
		FABEC8CD2623C64E00567D4D /* SceneDelegate.swift in Sources */ = {isa = PBXBuildFile; fileRef = FABEC8CC2623C64E00567D4D /* SceneDelegate.swift */; };
		FABEC8CF2623C64E00567D4D /* ViewController.swift in Sources */ = {isa = PBXBuildFile; fileRef = FABEC8CE2623C64E00567D4D /* ViewController.swift */; };
		FABEC8D42623C65300567D4D /* Assets.xcassets in Resources */ = {isa = PBXBuildFile; fileRef = FABEC8D32623C65300567D4D /* Assets.xcassets */; };
		FABEC8D72623C65300567D4D /* LaunchScreen.storyboard in Resources */ = {isa = PBXBuildFile; fileRef = FABEC8D52623C65300567D4D /* LaunchScreen.storyboard */; };
/* End PBXBuildFile section */

/* Begin PBXFileReference section */
		FAB3CD882623E31900C37AAD /* SearchVC.swift */ = {isa = PBXFileReference; lastKnownFileType = sourcecode.swift; path = SearchVC.swift; sourceTree = "<group>"; };
		FAB3CD8B2623E34300C37AAD /* FavoritesListVC.swift */ = {isa = PBXFileReference; lastKnownFileType = sourcecode.swift; path = FavoritesListVC.swift; sourceTree = "<group>"; };
		FAB3CD8E2623F6D400C37AAD /* GFButton.swift */ = {isa = PBXFileReference; lastKnownFileType = sourcecode.swift; path = GFButton.swift; sourceTree = "<group>"; };
		FAB3CD912623FCB900C37AAD /* GFTextField.swift */ = {isa = PBXFileReference; lastKnownFileType = sourcecode.swift; path = GFTextField.swift; sourceTree = "<group>"; };
		FAB3CD952624139F00C37AAD /* FollowerListVC.swift */ = {isa = PBXFileReference; lastKnownFileType = sourcecode.swift; path = FollowerListVC.swift; sourceTree = "<group>"; };
		FAB3CD982624198E00C37AAD /* GFTitleLabel.swift */ = {isa = PBXFileReference; lastKnownFileType = sourcecode.swift; path = GFTitleLabel.swift; sourceTree = "<group>"; };
		FAB3CD9B26250A3700C37AAD /* GFBodyLabel.swift */ = {isa = PBXFileReference; lastKnownFileType = sourcecode.swift; path = GFBodyLabel.swift; sourceTree = "<group>"; };
		FAB3CD9E26250B3E00C37AAD /* GFAlertVC.swift */ = {isa = PBXFileReference; lastKnownFileType = sourcecode.swift; path = GFAlertVC.swift; sourceTree = "<group>"; };
		FAB3CDA1262517EF00C37AAD /* UIViewController+Ext.swift */ = {isa = PBXFileReference; lastKnownFileType = sourcecode.swift; path = "UIViewController+Ext.swift"; sourceTree = "<group>"; };
		FAB3CDA9262524F300C37AAD /* Follower.swift */ = {isa = PBXFileReference; lastKnownFileType = sourcecode.swift; path = Follower.swift; sourceTree = "<group>"; };
		FAB3CDAC2625258B00C37AAD /* User.swift */ = {isa = PBXFileReference; lastKnownFileType = sourcecode.swift; path = User.swift; sourceTree = "<group>"; };
		FAB3CDB126252B4D00C37AAD /* NetworkManager.swift */ = {isa = PBXFileReference; lastKnownFileType = sourcecode.swift; path = NetworkManager.swift; sourceTree = "<group>"; };
		FAB3CDBB26254BB000C37AAD /* FollowerCell.swift */ = {isa = PBXFileReference; lastKnownFileType = sourcecode.swift; path = FollowerCell.swift; sourceTree = "<group>"; };
		FAB3CDBF26254C2000C37AAD /* GFAvatarImageView.swift */ = {isa = PBXFileReference; lastKnownFileType = sourcecode.swift; path = GFAvatarImageView.swift; sourceTree = "<group>"; };
		FAB3CDC32625B1D200C37AAD /* UIHelper.swift */ = {isa = PBXFileReference; lastKnownFileType = sourcecode.swift; path = UIHelper.swift; sourceTree = "<group>"; };
		FAB3CDCD2626907E00C37AAD /* GFEmptyStateView.swift */ = {isa = PBXFileReference; lastKnownFileType = sourcecode.swift; path = GFEmptyStateView.swift; sourceTree = "<group>"; };
		FAB3CDD12626A9B500C37AAD /* UserInfoVC.swift */ = {isa = PBXFileReference; lastKnownFileType = sourcecode.swift; path = UserInfoVC.swift; sourceTree = "<group>"; };
		FAB3CDD52627C18600C37AAD /* GFError.swift */ = {isa = PBXFileReference; lastKnownFileType = sourcecode.swift; path = GFError.swift; sourceTree = "<group>"; };
		FAB3CDDC2627C57200C37AAD /* GFUserInfoHeaderVC.swift */ = {isa = PBXFileReference; lastKnownFileType = sourcecode.swift; path = GFUserInfoHeaderVC.swift; sourceTree = "<group>"; };
		FAB3CDDF2627C61B00C37AAD /* GFSecondaryTitleLabel.swift */ = {isa = PBXFileReference; lastKnownFileType = sourcecode.swift; path = GFSecondaryTitleLabel.swift; sourceTree = "<group>"; };
		FAB3CDE22627D0AE00C37AAD /* Constants.swift */ = {isa = PBXFileReference; lastKnownFileType = sourcecode.swift; path = Constants.swift; sourceTree = "<group>"; };
		FABEC8C72623C64E00567D4D /* GHFollowers.app */ = {isa = PBXFileReference; explicitFileType = wrapper.application; includeInIndex = 0; path = GHFollowers.app; sourceTree = BUILT_PRODUCTS_DIR; };
		FABEC8CA2623C64E00567D4D /* AppDelegate.swift */ = {isa = PBXFileReference; lastKnownFileType = sourcecode.swift; path = AppDelegate.swift; sourceTree = "<group>"; };
		FABEC8CC2623C64E00567D4D /* SceneDelegate.swift */ = {isa = PBXFileReference; lastKnownFileType = sourcecode.swift; path = SceneDelegate.swift; sourceTree = "<group>"; };
		FABEC8CE2623C64E00567D4D /* ViewController.swift */ = {isa = PBXFileReference; lastKnownFileType = sourcecode.swift; path = ViewController.swift; sourceTree = "<group>"; };
		FABEC8D32623C65300567D4D /* Assets.xcassets */ = {isa = PBXFileReference; lastKnownFileType = folder.assetcatalog; path = Assets.xcassets; sourceTree = "<group>"; };
		FABEC8D62623C65300567D4D /* Base */ = {isa = PBXFileReference; lastKnownFileType = file.storyboard; name = Base; path = Base.lproj/LaunchScreen.storyboard; sourceTree = "<group>"; };
		FABEC8D82623C65300567D4D /* Info.plist */ = {isa = PBXFileReference; lastKnownFileType = text.plist.xml; path = Info.plist; sourceTree = "<group>"; };
/* End PBXFileReference section */

/* Begin PBXFrameworksBuildPhase section */
		FABEC8C42623C64E00567D4D /* Frameworks */ = {
			isa = PBXFrameworksBuildPhase;
			buildActionMask = 2147483647;
			files = (
			);
			runOnlyForDeploymentPostprocessing = 0;
		};
/* End PBXFrameworksBuildPhase section */

/* Begin PBXGroup section */
		FAB3CDA426251C3C00C37AAD /* Screens */ = {
			isa = PBXGroup;
			children = (
				FAB3CD882623E31900C37AAD /* SearchVC.swift */,
				FAB3CD952624139F00C37AAD /* FollowerListVC.swift */,
				FAB3CD8B2623E34300C37AAD /* FavoritesListVC.swift */,
				FAB3CDD12626A9B500C37AAD /* UserInfoVC.swift */,
			);
			path = Screens;
			sourceTree = "<group>";
		};
		FAB3CDA526251C6700C37AAD /* Custom Views */ = {
			isa = PBXGroup;
			children = (
				FAB3CDCC2626902E00C37AAD /* Labels */,
				FAB3CDCB26268FF900C37AAD /* ViewControllers */,
				FAB3CDCA26268FF200C37AAD /* ImageViews */,
				FAB3CDC926268FE500C37AAD /* TextFields */,
				FAB3CDC826268FD700C37AAD /* Views */,
				FAB3CDC726268FC600C37AAD /* Buttons */,
				FAB3CDBA26254B9800C37AAD /* Cells */,
			);
			path = "Custom Views";
			sourceTree = "<group>";
		};
		FAB3CDA626251CA700C37AAD /* Extensions */ = {
			isa = PBXGroup;
			children = (
				FAB3CDA1262517EF00C37AAD /* UIViewController+Ext.swift */,
			);
			path = Extensions;
			sourceTree = "<group>";
		};
		FAB3CDA726251DF200C37AAD /* Support */ = {
			isa = PBXGroup;
			children = (
				FABEC8CA2623C64E00567D4D /* AppDelegate.swift */,
				FABEC8CC2623C64E00567D4D /* SceneDelegate.swift */,
				FABEC8CE2623C64E00567D4D /* ViewController.swift */,
				FABEC8D32623C65300567D4D /* Assets.xcassets */,
				FABEC8D52623C65300567D4D /* LaunchScreen.storyboard */,
			);
			path = Support;
			sourceTree = "<group>";
		};
		FAB3CDA8262524E200C37AAD /* Model */ = {
			isa = PBXGroup;
			children = (
				FAB3CDA9262524F300C37AAD /* Follower.swift */,
				FAB3CDAC2625258B00C37AAD /* User.swift */,
			);
			path = Model;
			sourceTree = "<group>";
		};
		FAB3CDB026252B3E00C37AAD /* Managers */ = {
			isa = PBXGroup;
			children = (
				FAB3CDB126252B4D00C37AAD /* NetworkManager.swift */,
			);
			path = Managers;
			sourceTree = "<group>";
		};
		FAB3CDB52625413500C37AAD /* Utilities */ = {
			isa = PBXGroup;
			children = (
				FAB3CDC32625B1D200C37AAD /* UIHelper.swift */,
				FAB3CDD52627C18600C37AAD /* GFError.swift */,
				FAB3CDE22627D0AE00C37AAD /* Constants.swift */,
			);
			path = Utilities;
			sourceTree = "<group>";
		};
		FAB3CDBA26254B9800C37AAD /* Cells */ = {
			isa = PBXGroup;
			children = (
				FAB3CDBB26254BB000C37AAD /* FollowerCell.swift */,
			);
			path = Cells;
			sourceTree = "<group>";
		};
		FAB3CDC726268FC600C37AAD /* Buttons */ = {
			isa = PBXGroup;
			children = (
				FAB3CD8E2623F6D400C37AAD /* GFButton.swift */,
			);
			path = Buttons;
			sourceTree = "<group>";
		};
		FAB3CDC826268FD700C37AAD /* Views */ = {
			isa = PBXGroup;
			children = (
				FAB3CDCD2626907E00C37AAD /* GFEmptyStateView.swift */,
			);
			path = Views;
			sourceTree = "<group>";
		};
		FAB3CDC926268FE500C37AAD /* TextFields */ = {
			isa = PBXGroup;
			children = (
				FAB3CD912623FCB900C37AAD /* GFTextField.swift */,
			);
			path = TextFields;
			sourceTree = "<group>";
		};
		FAB3CDCA26268FF200C37AAD /* ImageViews */ = {
			isa = PBXGroup;
			children = (
				FAB3CDBF26254C2000C37AAD /* GFAvatarImageView.swift */,
			);
			path = ImageViews;
			sourceTree = "<group>";
		};
		FAB3CDCB26268FF900C37AAD /* ViewControllers */ = {
			isa = PBXGroup;
			children = (
				FAB3CD9E26250B3E00C37AAD /* GFAlertVC.swift */,
				FAB3CDDC2627C57200C37AAD /* GFUserInfoHeaderVC.swift */,
			);
			path = ViewControllers;
			sourceTree = "<group>";
		};
		FAB3CDCC2626902E00C37AAD /* Labels */ = {
			isa = PBXGroup;
			children = (
				FAB3CD982624198E00C37AAD /* GFTitleLabel.swift */,
				FAB3CD9B26250A3700C37AAD /* GFBodyLabel.swift */,
				FAB3CDDF2627C61B00C37AAD /* GFSecondaryTitleLabel.swift */,
			);
			path = Labels;
			sourceTree = "<group>";
		};
		FABEC8BE2623C64E00567D4D = {
			isa = PBXGroup;
			children = (
				FABEC8C92623C64E00567D4D /* GHFollowers */,
				FABEC8C82623C64E00567D4D /* Products */,
			);
			sourceTree = "<group>";
		};
		FABEC8C82623C64E00567D4D /* Products */ = {
			isa = PBXGroup;
			children = (
				FABEC8C72623C64E00567D4D /* GHFollowers.app */,
			);
			name = Products;
			sourceTree = "<group>";
		};
		FABEC8C92623C64E00567D4D /* GHFollowers */ = {
			isa = PBXGroup;
			children = (
				FAB3CDB52625413500C37AAD /* Utilities */,
				FAB3CDB026252B3E00C37AAD /* Managers */,
				FABEC8D82623C65300567D4D /* Info.plist */,
				FAB3CDA8262524E200C37AAD /* Model */,
				FAB3CDA726251DF200C37AAD /* Support */,
				FAB3CDA626251CA700C37AAD /* Extensions */,
				FAB3CDA526251C6700C37AAD /* Custom Views */,
				FAB3CDA426251C3C00C37AAD /* Screens */,
			);
			path = GHFollowers;
			sourceTree = "<group>";
		};
/* End PBXGroup section */

/* Begin PBXNativeTarget section */
		FABEC8C62623C64E00567D4D /* GHFollowers */ = {
			isa = PBXNativeTarget;
			buildConfigurationList = FABEC8DB2623C65300567D4D /* Build configuration list for PBXNativeTarget "GHFollowers" */;
			buildPhases = (
				FABEC8C32623C64E00567D4D /* Sources */,
				FABEC8C42623C64E00567D4D /* Frameworks */,
				FABEC8C52623C64E00567D4D /* Resources */,
			);
			buildRules = (
			);
			dependencies = (
			);
			name = GHFollowers;
			productName = GHFollowers;
			productReference = FABEC8C72623C64E00567D4D /* GHFollowers.app */;
			productType = "com.apple.product-type.application";
		};
/* End PBXNativeTarget section */

/* Begin PBXProject section */
		FABEC8BF2623C64E00567D4D /* Project object */ = {
			isa = PBXProject;
			attributes = {
				LastSwiftUpdateCheck = 1240;
				LastUpgradeCheck = 1240;
				TargetAttributes = {
					FABEC8C62623C64E00567D4D = {
						CreatedOnToolsVersion = 12.4;
					};
				};
			};
			buildConfigurationList = FABEC8C22623C64E00567D4D /* Build configuration list for PBXProject "GHFollowers" */;
			compatibilityVersion = "Xcode 9.3";
			developmentRegion = en;
			hasScannedForEncodings = 0;
			knownRegions = (
				en,
				Base,
			);
			mainGroup = FABEC8BE2623C64E00567D4D;
			productRefGroup = FABEC8C82623C64E00567D4D /* Products */;
			projectDirPath = "";
			projectRoot = "";
			targets = (
				FABEC8C62623C64E00567D4D /* GHFollowers */,
			);
		};
/* End PBXProject section */

/* Begin PBXResourcesBuildPhase section */
		FABEC8C52623C64E00567D4D /* Resources */ = {
			isa = PBXResourcesBuildPhase;
			buildActionMask = 2147483647;
			files = (
				FABEC8D72623C65300567D4D /* LaunchScreen.storyboard in Resources */,
				FABEC8D42623C65300567D4D /* Assets.xcassets in Resources */,
			);
			runOnlyForDeploymentPostprocessing = 0;
		};
/* End PBXResourcesBuildPhase section */

/* Begin PBXSourcesBuildPhase section */
		FABEC8C32623C64E00567D4D /* Sources */ = {
			isa = PBXSourcesBuildPhase;
			buildActionMask = 2147483647;
			files = (
				FAB3CD892623E31900C37AAD /* SearchVC.swift in Sources */,
				FABEC8CF2623C64E00567D4D /* ViewController.swift in Sources */,
				FAB3CDA2262517EF00C37AAD /* UIViewController+Ext.swift in Sources */,
				FAB3CDDD2627C57200C37AAD /* GFUserInfoHeaderVC.swift in Sources */,
				FAB3CD8F2623F6D400C37AAD /* GFButton.swift in Sources */,
				FAB3CD8C2623E34300C37AAD /* FavoritesListVC.swift in Sources */,
				FAB3CDCE2626907E00C37AAD /* GFEmptyStateView.swift in Sources */,
				FAB3CDE02627C61B00C37AAD /* GFSecondaryTitleLabel.swift in Sources */,
				FABEC8CB2623C64E00567D4D /* AppDelegate.swift in Sources */,
				FAB3CDAD2625258B00C37AAD /* User.swift in Sources */,
				FAB3CDD62627C18600C37AAD /* GFError.swift in Sources */,
				FAB3CDBC26254BB000C37AAD /* FollowerCell.swift in Sources */,
				FAB3CDC026254C2000C37AAD /* GFAvatarImageView.swift in Sources */,
				FAB3CD9F26250B3E00C37AAD /* GFAlertVC.swift in Sources */,
				FAB3CDD22626A9B500C37AAD /* UserInfoVC.swift in Sources */,
				FAB3CDAA262524F300C37AAD /* Follower.swift in Sources */,
				FABEC8CD2623C64E00567D4D /* SceneDelegate.swift in Sources */,
				FAB3CD992624198E00C37AAD /* GFTitleLabel.swift in Sources */,
				FAB3CD962624139F00C37AAD /* FollowerListVC.swift in Sources */,
				FAB3CDC42625B1D200C37AAD /* UIHelper.swift in Sources */,
				FAB3CDB226252B4D00C37AAD /* NetworkManager.swift in Sources */,
				FAB3CD922623FCB900C37AAD /* GFTextField.swift in Sources */,
				FAB3CD9C26250A3700C37AAD /* GFBodyLabel.swift in Sources */,
				FAB3CDE32627D0AE00C37AAD /* Constants.swift in Sources */,
			);
			runOnlyForDeploymentPostprocessing = 0;
		};
/* End PBXSourcesBuildPhase section */

/* Begin PBXVariantGroup section */
		FABEC8D52623C65300567D4D /* LaunchScreen.storyboard */ = {
			isa = PBXVariantGroup;
			children = (
				FABEC8D62623C65300567D4D /* Base */,
			);
			name = LaunchScreen.storyboard;
			sourceTree = "<group>";
		};
/* End PBXVariantGroup section */

/* Begin XCBuildConfiguration section */
		FABEC8D92623C65300567D4D /* Debug */ = {
			isa = XCBuildConfiguration;
			buildSettings = {
				ALWAYS_SEARCH_USER_PATHS = NO;
				CLANG_ANALYZER_NONNULL = YES;
				CLANG_ANALYZER_NUMBER_OBJECT_CONVERSION = YES_AGGRESSIVE;
				CLANG_CXX_LANGUAGE_STANDARD = "gnu++14";
				CLANG_CXX_LIBRARY = "libc++";
				CLANG_ENABLE_MODULES = YES;
				CLANG_ENABLE_OBJC_ARC = YES;
				CLANG_ENABLE_OBJC_WEAK = YES;
				CLANG_WARN_BLOCK_CAPTURE_AUTORELEASING = YES;
				CLANG_WARN_BOOL_CONVERSION = YES;
				CLANG_WARN_COMMA = YES;
				CLANG_WARN_CONSTANT_CONVERSION = YES;
				CLANG_WARN_DEPRECATED_OBJC_IMPLEMENTATIONS = YES;
				CLANG_WARN_DIRECT_OBJC_ISA_USAGE = YES_ERROR;
				CLANG_WARN_DOCUMENTATION_COMMENTS = YES;
				CLANG_WARN_EMPTY_BODY = YES;
				CLANG_WARN_ENUM_CONVERSION = YES;
				CLANG_WARN_INFINITE_RECURSION = YES;
				CLANG_WARN_INT_CONVERSION = YES;
				CLANG_WARN_NON_LITERAL_NULL_CONVERSION = YES;
				CLANG_WARN_OBJC_IMPLICIT_RETAIN_SELF = YES;
				CLANG_WARN_OBJC_LITERAL_CONVERSION = YES;
				CLANG_WARN_OBJC_ROOT_CLASS = YES_ERROR;
				CLANG_WARN_QUOTED_INCLUDE_IN_FRAMEWORK_HEADER = YES;
				CLANG_WARN_RANGE_LOOP_ANALYSIS = YES;
				CLANG_WARN_STRICT_PROTOTYPES = YES;
				CLANG_WARN_SUSPICIOUS_MOVE = YES;
				CLANG_WARN_UNGUARDED_AVAILABILITY = YES_AGGRESSIVE;
				CLANG_WARN_UNREACHABLE_CODE = YES;
				CLANG_WARN__DUPLICATE_METHOD_MATCH = YES;
				COPY_PHASE_STRIP = NO;
				DEBUG_INFORMATION_FORMAT = dwarf;
				ENABLE_STRICT_OBJC_MSGSEND = YES;
				ENABLE_TESTABILITY = YES;
				GCC_C_LANGUAGE_STANDARD = gnu11;
				GCC_DYNAMIC_NO_PIC = NO;
				GCC_NO_COMMON_BLOCKS = YES;
				GCC_OPTIMIZATION_LEVEL = 0;
				GCC_PREPROCESSOR_DEFINITIONS = (
					"DEBUG=1",
					"$(inherited)",
				);
				GCC_WARN_64_TO_32_BIT_CONVERSION = YES;
				GCC_WARN_ABOUT_RETURN_TYPE = YES_ERROR;
				GCC_WARN_UNDECLARED_SELECTOR = YES;
				GCC_WARN_UNINITIALIZED_AUTOS = YES_AGGRESSIVE;
				GCC_WARN_UNUSED_FUNCTION = YES;
				GCC_WARN_UNUSED_VARIABLE = YES;
				IPHONEOS_DEPLOYMENT_TARGET = 14.4;
				MTL_ENABLE_DEBUG_INFO = INCLUDE_SOURCE;
				MTL_FAST_MATH = YES;
				ONLY_ACTIVE_ARCH = YES;
				SDKROOT = iphoneos;
				SWIFT_ACTIVE_COMPILATION_CONDITIONS = DEBUG;
				SWIFT_OPTIMIZATION_LEVEL = "-Onone";
			};
			name = Debug;
		};
		FABEC8DA2623C65300567D4D /* Release */ = {
			isa = XCBuildConfiguration;
			buildSettings = {
				ALWAYS_SEARCH_USER_PATHS = NO;
				CLANG_ANALYZER_NONNULL = YES;
				CLANG_ANALYZER_NUMBER_OBJECT_CONVERSION = YES_AGGRESSIVE;
				CLANG_CXX_LANGUAGE_STANDARD = "gnu++14";
				CLANG_CXX_LIBRARY = "libc++";
				CLANG_ENABLE_MODULES = YES;
				CLANG_ENABLE_OBJC_ARC = YES;
				CLANG_ENABLE_OBJC_WEAK = YES;
				CLANG_WARN_BLOCK_CAPTURE_AUTORELEASING = YES;
				CLANG_WARN_BOOL_CONVERSION = YES;
				CLANG_WARN_COMMA = YES;
				CLANG_WARN_CONSTANT_CONVERSION = YES;
				CLANG_WARN_DEPRECATED_OBJC_IMPLEMENTATIONS = YES;
				CLANG_WARN_DIRECT_OBJC_ISA_USAGE = YES_ERROR;
				CLANG_WARN_DOCUMENTATION_COMMENTS = YES;
				CLANG_WARN_EMPTY_BODY = YES;
				CLANG_WARN_ENUM_CONVERSION = YES;
				CLANG_WARN_INFINITE_RECURSION = YES;
				CLANG_WARN_INT_CONVERSION = YES;
				CLANG_WARN_NON_LITERAL_NULL_CONVERSION = YES;
				CLANG_WARN_OBJC_IMPLICIT_RETAIN_SELF = YES;
				CLANG_WARN_OBJC_LITERAL_CONVERSION = YES;
				CLANG_WARN_OBJC_ROOT_CLASS = YES_ERROR;
				CLANG_WARN_QUOTED_INCLUDE_IN_FRAMEWORK_HEADER = YES;
				CLANG_WARN_RANGE_LOOP_ANALYSIS = YES;
				CLANG_WARN_STRICT_PROTOTYPES = YES;
				CLANG_WARN_SUSPICIOUS_MOVE = YES;
				CLANG_WARN_UNGUARDED_AVAILABILITY = YES_AGGRESSIVE;
				CLANG_WARN_UNREACHABLE_CODE = YES;
				CLANG_WARN__DUPLICATE_METHOD_MATCH = YES;
				COPY_PHASE_STRIP = NO;
				DEBUG_INFORMATION_FORMAT = "dwarf-with-dsym";
				ENABLE_NS_ASSERTIONS = NO;
				ENABLE_STRICT_OBJC_MSGSEND = YES;
				GCC_C_LANGUAGE_STANDARD = gnu11;
				GCC_NO_COMMON_BLOCKS = YES;
				GCC_WARN_64_TO_32_BIT_CONVERSION = YES;
				GCC_WARN_ABOUT_RETURN_TYPE = YES_ERROR;
				GCC_WARN_UNDECLARED_SELECTOR = YES;
				GCC_WARN_UNINITIALIZED_AUTOS = YES_AGGRESSIVE;
				GCC_WARN_UNUSED_FUNCTION = YES;
				GCC_WARN_UNUSED_VARIABLE = YES;
				IPHONEOS_DEPLOYMENT_TARGET = 14.4;
				MTL_ENABLE_DEBUG_INFO = NO;
				MTL_FAST_MATH = YES;
				SDKROOT = iphoneos;
				SWIFT_COMPILATION_MODE = wholemodule;
				SWIFT_OPTIMIZATION_LEVEL = "-O";
				VALIDATE_PRODUCT = YES;
			};
			name = Release;
		};
		FABEC8DC2623C65300567D4D /* Debug */ = {
			isa = XCBuildConfiguration;
			buildSettings = {
				ASSETCATALOG_COMPILER_APPICON_NAME = AppIcon;
				ASSETCATALOG_COMPILER_GLOBAL_ACCENT_COLOR_NAME = AccentColor;
				CODE_SIGN_STYLE = Automatic;
				DEVELOPMENT_TEAM = R8V696537A;
				INFOPLIST_FILE = GHFollowers/Info.plist;
				LD_RUNPATH_SEARCH_PATHS = (
					"$(inherited)",
					"@executable_path/Frameworks",
				);
				PRODUCT_BUNDLE_IDENTIFIER = com.AlexThompson.GHFollowers;
				PRODUCT_NAME = "$(TARGET_NAME)";
				SWIFT_VERSION = 5.0;
				TARGETED_DEVICE_FAMILY = 1;
			};
			name = Debug;
		};
		FABEC8DD2623C65300567D4D /* Release */ = {
			isa = XCBuildConfiguration;
			buildSettings = {
				ASSETCATALOG_COMPILER_APPICON_NAME = AppIcon;
				ASSETCATALOG_COMPILER_GLOBAL_ACCENT_COLOR_NAME = AccentColor;
				CODE_SIGN_STYLE = Automatic;
				DEVELOPMENT_TEAM = R8V696537A;
				INFOPLIST_FILE = GHFollowers/Info.plist;
				LD_RUNPATH_SEARCH_PATHS = (
					"$(inherited)",
					"@executable_path/Frameworks",
				);
				PRODUCT_BUNDLE_IDENTIFIER = com.AlexThompson.GHFollowers;
				PRODUCT_NAME = "$(TARGET_NAME)";
				SWIFT_VERSION = 5.0;
				TARGETED_DEVICE_FAMILY = 1;
			};
			name = Release;
		};
/* End XCBuildConfiguration section */

/* Begin XCConfigurationList section */
		FABEC8C22623C64E00567D4D /* Build configuration list for PBXProject "GHFollowers" */ = {
			isa = XCConfigurationList;
			buildConfigurations = (
				FABEC8D92623C65300567D4D /* Debug */,
				FABEC8DA2623C65300567D4D /* Release */,
			);
			defaultConfigurationIsVisible = 0;
			defaultConfigurationName = Release;
		};
		FABEC8DB2623C65300567D4D /* Build configuration list for PBXNativeTarget "GHFollowers" */ = {
			isa = XCConfigurationList;
			buildConfigurations = (
				FABEC8DC2623C65300567D4D /* Debug */,
				FABEC8DD2623C65300567D4D /* Release */,
			);
			defaultConfigurationIsVisible = 0;
			defaultConfigurationName = Release;
		};
/* End XCConfigurationList section */
	};
	rootObject = FABEC8BF2623C64E00567D4D /* Project object */;
}
